
Microsoft Visual Studio Solution File, Format Version 12.00
# Visual Studio Version 17
VisualStudioVersion = 17.3.32901.215
MinimumVisualStudioVersion = 10.0.40219.1
Project("{8BC9CEB8-8B4A-11D0-8D11-00A0C91BC942}") = "CSC4900-Graphics-Engine", "CSC4900-Graphics-Engine\CSC4900-Graphics-Engine.vcxproj", "{E42D0BF0-9ADE-49D2-9AF0-E22AA536E829}"
EndProject
Project("{FAE04EC0-301F-11D3-BF4B-00C04F79EFBC}") = "DemoApplication", "DemoApplication\DemoApplication.csproj", "{6375B772-FF07-411C-837B-F54F6B37EDA9}"
EndProject
Global
	GlobalSection(SolutionConfigurationPlatforms) = preSolution
		Debug|Any CPU = Debug|Any CPU
		Debug|x64 = Debug|x64
		Debug|x86 = Debug|x86
		Release|Any CPU = Release|Any CPU
		Release|x64 = Release|x64
		Release|x86 = Release|x86
	EndGlobalSection
	GlobalSection(ProjectConfigurationPlatforms) = postSolution
		{E42D0BF0-9ADE-49D2-9AF0-E22AA536E829}.Debug|Any CPU.ActiveCfg = Debug|x64
		{E42D0BF0-9ADE-49D2-9AF0-E22AA536E829}.Debug|Any CPU.Build.0 = Debug|x64
		{E42D0BF0-9ADE-49D2-9AF0-E22AA536E829}.Debug|x64.ActiveCfg = Debug|x64
		{E42D0BF0-9ADE-49D2-9AF0-E22AA536E829}.Debug|x64.Build.0 = Debug|x64
		{E42D0BF0-9ADE-49D2-9AF0-E22AA536E829}.Debug|x86.ActiveCfg = Debug|Win32
		{E42D0BF0-9ADE-49D2-9AF0-E22AA536E829}.Debug|x86.Build.0 = Debug|Win32
		{E42D0BF0-9ADE-49D2-9AF0-E22AA536E829}.Release|Any CPU.ActiveCfg = Release|x64
		{E42D0BF0-9ADE-49D2-9AF0-E22AA536E829}.Release|Any CPU.Build.0 = Release|x64
		{E42D0BF0-9ADE-49D2-9AF0-E22AA536E829}.Release|x64.ActiveCfg = Release|x64
		{E42D0BF0-9ADE-49D2-9AF0-E22AA536E829}.Release|x64.Build.0 = Release|x64
		{E42D0BF0-9ADE-49D2-9AF0-E22AA536E829}.Release|x86.ActiveCfg = Release|Win32
		{E42D0BF0-9ADE-49D2-9AF0-E22AA536E829}.Release|x86.Build.0 = Release|Win32
		{6375B772-FF07-411C-837B-F54F6B37EDA9}.Debug|Any CPU.ActiveCfg = Debug|Any CPU
		{6375B772-FF07-411C-837B-F54F6B37EDA9}.Debug|Any CPU.Build.0 = Debug|Any CPU
		{6375B772-FF07-411C-837B-F54F6B37EDA9}.Debug|x64.ActiveCfg = Debug|Any CPU
		{6375B772-FF07-411C-837B-F54F6B37EDA9}.Debug|x64.Build.0 = Debug|Any CPU
		{6375B772-FF07-411C-837B-F54F6B37EDA9}.Debug|x86.ActiveCfg = Debug|Any CPU
		{6375B772-FF07-411C-837B-F54F6B37EDA9}.Debug|x86.Build.0 = Debug|Any CPU
		{6375B772-FF07-411C-837B-F54F6B37EDA9}.Release|Any CPU.ActiveCfg = Release|Any CPU
		{6375B772-FF07-411C-837B-F54F6B37EDA9}.Release|Any CPU.Build.0 = Release|Any CPU
		{6375B772-FF07-411C-837B-F54F6B37EDA9}.Release|x64.ActiveCfg = Release|Any CPU
		{6375B772-FF07-411C-837B-F54F6B37EDA9}.Release|x64.Build.0 = Release|Any CPU
		{6375B772-FF07-411C-837B-F54F6B37EDA9}.Release|x86.ActiveCfg = Release|Any CPU
		{6375B772-FF07-411C-837B-F54F6B37EDA9}.Release|x86.Build.0 = Release|Any CPU
	EndGlobalSection
	GlobalSection(SolutionProperties) = preSolution
		HideSolutionNode = FALSE
	EndGlobalSection
	GlobalSection(ExtensibilityGlobals) = postSolution
		SolutionGuid = {29B6DFB3-2016-457C-B6D4-72320E4DB783}
	EndGlobalSection
EndGlobal
